
Microsoft Visual Studio Solution File, Format Version 12.00
# Visual Studio Version 16
VisualStudioVersion = 16.0.32413.511
MinimumVisualStudioVersion = 10.0.40219.1
Project("{8BC9CEB8-8B4A-11D0-8D11-00A0C91BC942}") = "三数之和", "三数之和.vcxproj", "{28B1BE99-139C-4458-9B77-BD9F5846F584}"
EndProject
Global
	GlobalSection(SolutionConfigurationPlatforms) = preSolution
		Debug|x64 = Debug|x64
		Debug|x86 = Debug|x86
		Release|x64 = Release|x64
		Release|x86 = Release|x86
	EndGlobalSection
	GlobalSection(ProjectConfigurationPlatforms) = postSolution
		{28B1BE99-139C-4458-9B77-BD9F5846F584}.Debug|x64.ActiveCfg = Debug|x64
		{28B1BE99-139C-4458-9B77-BD9F5846F584}.Debug|x64.Build.0 = Debug|x64
		{28B1BE99-139C-4458-9B77-BD9F5846F584}.Debug|x86.ActiveCfg = Debug|Win32
		{28B1BE99-139C-4458-9B77-BD9F5846F584}.Debug|x86.Build.0 = Debug|Win32
		{28B1BE99-139C-4458-9B77-BD9F5846F584}.Release|x64.ActiveCfg = Release|x64
		{28B1BE99-139C-4458-9B77-BD9F5846F584}.Release|x64.Build.0 = Release|x64
		{28B1BE99-139C-4458-9B77-BD9F5846F584}.Release|x86.ActiveCfg = Release|Win32
		{28B1BE99-139C-4458-9B77-BD9F5846F584}.Release|x86.Build.0 = Release|Win32
	EndGlobalSection
	GlobalSection(SolutionProperties) = preSolution
		HideSolutionNode = FALSE
	EndGlobalSection
	GlobalSection(ExtensibilityGlobals) = postSolution
		SolutionGuid = {B85DF6B3-424C-450F-A47F-112A3D51B820}
	EndGlobalSection
EndGlobal
